
Microsoft Visual Studio Solution File, Format Version 12.00
# Visual Studio 15
VisualStudioVersion = 15.0.27130.2027
MinimumVisualStudioVersion = 10.0.40219.1
Project("{2150E333-8FDC-42A3-9474-1A3956D46DE8}") = "Engine", "Engine", "{0C2BFABA-9C31-48E4-9FCE-992E1D40EDF9}"
EndProject
Project("{2150E333-8FDC-42A3-9474-1A3956D46DE8}") = "Games", "Games", "{D06C2D01-9D23-4425-AA45-BAC5B450C824}"
EndProject
Project("{8BC9CEB8-8B4A-11D0-8D11-00A0C91BC942}") = "UE4", "Intermediate\ProjectFiles\UE4.vcxproj", "{8B4E6094-60CC-4C95-AAD4-9B8866CCA46E}"
EndProject
Project("{8BC9CEB8-8B4A-11D0-8D11-00A0C91BC942}") = "EFTD", "Intermediate\ProjectFiles\EFTD.vcxproj", "{CD511698-02CB-4B63-85D1-DBB64AAD8DE9}"
EndProject
Global
	GlobalSection(SolutionConfigurationPlatforms) = preSolution
		DebugGame Editor|HTML5 = DebugGame Editor|HTML5
		DebugGame Editor|Win32 = DebugGame Editor|Win32
		DebugGame Editor|Win64 = DebugGame Editor|Win64
		DebugGame|HTML5 = DebugGame|HTML5
		DebugGame|Win32 = DebugGame|Win32
		DebugGame|Win64 = DebugGame|Win64
		Development Editor|HTML5 = Development Editor|HTML5
		Development Editor|Win32 = Development Editor|Win32
		Development Editor|Win64 = Development Editor|Win64
		Development|HTML5 = Development|HTML5
		Development|Win32 = Development|Win32
		Development|Win64 = Development|Win64
		Shipping|HTML5 = Shipping|HTML5
		Shipping|Win32 = Shipping|Win32
		Shipping|Win64 = Shipping|Win64
	EndGlobalSection
	GlobalSection(ProjectConfigurationPlatforms) = postSolution
		{8B4E6094-60CC-4C95-AAD4-9B8866CCA46E}.DebugGame Editor|HTML5.ActiveCfg = BuiltWithUnrealBuildTool|Win32
		{8B4E6094-60CC-4C95-AAD4-9B8866CCA46E}.DebugGame Editor|HTML5.Build.0 = BuiltWithUnrealBuildTool|Win32
		{8B4E6094-60CC-4C95-AAD4-9B8866CCA46E}.DebugGame Editor|Win32.ActiveCfg = BuiltWithUnrealBuildTool|Win32
		{8B4E6094-60CC-4C95-AAD4-9B8866CCA46E}.DebugGame Editor|Win32.Build.0 = BuiltWithUnrealBuildTool|Win32
		{8B4E6094-60CC-4C95-AAD4-9B8866CCA46E}.DebugGame Editor|Win64.ActiveCfg = BuiltWithUnrealBuildTool|Win32
		{8B4E6094-60CC-4C95-AAD4-9B8866CCA46E}.DebugGame Editor|Win64.Build.0 = BuiltWithUnrealBuildTool|Win32
		{8B4E6094-60CC-4C95-AAD4-9B8866CCA46E}.DebugGame|HTML5.ActiveCfg = BuiltWithUnrealBuildTool|Win32
		{8B4E6094-60CC-4C95-AAD4-9B8866CCA46E}.DebugGame|HTML5.Build.0 = BuiltWithUnrealBuildTool|Win32
		{8B4E6094-60CC-4C95-AAD4-9B8866CCA46E}.DebugGame|Win32.ActiveCfg = BuiltWithUnrealBuildTool|Win32
		{8B4E6094-60CC-4C95-AAD4-9B8866CCA46E}.DebugGame|Win32.Build.0 = BuiltWithUnrealBuildTool|Win32
		{8B4E6094-60CC-4C95-AAD4-9B8866CCA46E}.DebugGame|Win64.ActiveCfg = BuiltWithUnrealBuildTool|Win32
		{8B4E6094-60CC-4C95-AAD4-9B8866CCA46E}.DebugGame|Win64.Build.0 = BuiltWithUnrealBuildTool|Win32
		{8B4E6094-60CC-4C95-AAD4-9B8866CCA46E}.Development Editor|HTML5.ActiveCfg = BuiltWithUnrealBuildTool|Win32
		{8B4E6094-60CC-4C95-AAD4-9B8866CCA46E}.Development Editor|HTML5.Build.0 = BuiltWithUnrealBuildTool|Win32
		{8B4E6094-60CC-4C95-AAD4-9B8866CCA46E}.Development Editor|Win32.ActiveCfg = BuiltWithUnrealBuildTool|Win32
		{8B4E6094-60CC-4C95-AAD4-9B8866CCA46E}.Development Editor|Win32.Build.0 = BuiltWithUnrealBuildTool|Win32
		{8B4E6094-60CC-4C95-AAD4-9B8866CCA46E}.Development Editor|Win64.ActiveCfg = BuiltWithUnrealBuildTool|Win32
		{8B4E6094-60CC-4C95-AAD4-9B8866CCA46E}.Development Editor|Win64.Build.0 = BuiltWithUnrealBuildTool|Win32
		{8B4E6094-60CC-4C95-AAD4-9B8866CCA46E}.Development|HTML5.ActiveCfg = BuiltWithUnrealBuildTool|Win32
		{8B4E6094-60CC-4C95-AAD4-9B8866CCA46E}.Development|HTML5.Build.0 = BuiltWithUnrealBuildTool|Win32
		{8B4E6094-60CC-4C95-AAD4-9B8866CCA46E}.Development|Win32.ActiveCfg = BuiltWithUnrealBuildTool|Win32
		{8B4E6094-60CC-4C95-AAD4-9B8866CCA46E}.Development|Win32.Build.0 = BuiltWithUnrealBuildTool|Win32
		{8B4E6094-60CC-4C95-AAD4-9B8866CCA46E}.Development|Win64.ActiveCfg = BuiltWithUnrealBuildTool|Win32
		{8B4E6094-60CC-4C95-AAD4-9B8866CCA46E}.Development|Win64.Build.0 = BuiltWithUnrealBuildTool|Win32
		{8B4E6094-60CC-4C95-AAD4-9B8866CCA46E}.Shipping|HTML5.ActiveCfg = BuiltWithUnrealBuildTool|Win32
		{8B4E6094-60CC-4C95-AAD4-9B8866CCA46E}.Shipping|HTML5.Build.0 = BuiltWithUnrealBuildTool|Win32
		{8B4E6094-60CC-4C95-AAD4-9B8866CCA46E}.Shipping|Win32.ActiveCfg = BuiltWithUnrealBuildTool|Win32
		{8B4E6094-60CC-4C95-AAD4-9B8866CCA46E}.Shipping|Win32.Build.0 = BuiltWithUnrealBuildTool|Win32
		{8B4E6094-60CC-4C95-AAD4-9B8866CCA46E}.Shipping|Win64.ActiveCfg = BuiltWithUnrealBuildTool|Win32
		{8B4E6094-60CC-4C95-AAD4-9B8866CCA46E}.Shipping|Win64.Build.0 = BuiltWithUnrealBuildTool|Win32
		{CD511698-02CB-4B63-85D1-DBB64AAD8DE9}.DebugGame Editor|HTML5.ActiveCfg = HTML5_DebugGame_Editor|Win32
		{CD511698-02CB-4B63-85D1-DBB64AAD8DE9}.DebugGame Editor|Win32.ActiveCfg = DebugGame_Editor|Win32
		{CD511698-02CB-4B63-85D1-DBB64AAD8DE9}.DebugGame Editor|Win64.ActiveCfg = DebugGame_Editor|x64
		{CD511698-02CB-4B63-85D1-DBB64AAD8DE9}.DebugGame Editor|Win64.Build.0 = DebugGame_Editor|x64
		{CD511698-02CB-4B63-85D1-DBB64AAD8DE9}.DebugGame|HTML5.ActiveCfg = HTML5_DebugGame_Game|Win32
		{CD511698-02CB-4B63-85D1-DBB64AAD8DE9}.DebugGame|HTML5.Build.0 = HTML5_DebugGame_Game|Win32
		{CD511698-02CB-4B63-85D1-DBB64AAD8DE9}.DebugGame|Win32.ActiveCfg = DebugGame_Game|Win32
		{CD511698-02CB-4B63-85D1-DBB64AAD8DE9}.DebugGame|Win32.Build.0 = DebugGame_Game|Win32
		{CD511698-02CB-4B63-85D1-DBB64AAD8DE9}.DebugGame|Win64.ActiveCfg = DebugGame_Game|x64
		{CD511698-02CB-4B63-85D1-DBB64AAD8DE9}.DebugGame|Win64.Build.0 = DebugGame_Game|x64
		{CD511698-02CB-4B63-85D1-DBB64AAD8DE9}.Development Editor|HTML5.ActiveCfg = HTML5_Development_Editor|Win32
		{CD511698-02CB-4B63-85D1-DBB64AAD8DE9}.Development Editor|Win32.ActiveCfg = Development_Editor|Win32
		{CD511698-02CB-4B63-85D1-DBB64AAD8DE9}.Development Editor|Win64.ActiveCfg = Development_Editor|x64
		{CD511698-02CB-4B63-85D1-DBB64AAD8DE9}.Development Editor|Win64.Build.0 = Development_Editor|x64
		{CD511698-02CB-4B63-85D1-DBB64AAD8DE9}.Development|HTML5.ActiveCfg = HTML5_Development_Game|Win32
		{CD511698-02CB-4B63-85D1-DBB64AAD8DE9}.Development|HTML5.Build.0 = HTML5_Development_Game|Win32
		{CD511698-02CB-4B63-85D1-DBB64AAD8DE9}.Development|Win32.ActiveCfg = Development_Game|Win32
		{CD511698-02CB-4B63-85D1-DBB64AAD8DE9}.Development|Win32.Build.0 = Development_Game|Win32
		{CD511698-02CB-4B63-85D1-DBB64AAD8DE9}.Development|Win64.ActiveCfg = Development_Game|x64
		{CD511698-02CB-4B63-85D1-DBB64AAD8DE9}.Development|Win64.Build.0 = Development_Game|x64
		{CD511698-02CB-4B63-85D1-DBB64AAD8DE9}.Shipping|HTML5.ActiveCfg = HTML5_Shipping_Game|Win32
		{CD511698-02CB-4B63-85D1-DBB64AAD8DE9}.Shipping|HTML5.Build.0 = HTML5_Shipping_Game|Win32
		{CD511698-02CB-4B63-85D1-DBB64AAD8DE9}.Shipping|Win32.ActiveCfg = Shipping_Game|Win32
		{CD511698-02CB-4B63-85D1-DBB64AAD8DE9}.Shipping|Win32.Build.0 = Shipping_Game|Win32
		{CD511698-02CB-4B63-85D1-DBB64AAD8DE9}.Shipping|Win64.ActiveCfg = Shipping_Game|x64
		{CD511698-02CB-4B63-85D1-DBB64AAD8DE9}.Shipping|Win64.Build.0 = Shipping_Game|x64
	EndGlobalSection
	GlobalSection(SolutionProperties) = preSolution
		HideSolutionNode = FALSE
	EndGlobalSection
	GlobalSection(NestedProjects) = preSolution
		{8B4E6094-60CC-4C95-AAD4-9B8866CCA46E} = {0C2BFABA-9C31-48E4-9FCE-992E1D40EDF9}
		{CD511698-02CB-4B63-85D1-DBB64AAD8DE9} = {D06C2D01-9D23-4425-AA45-BAC5B450C824}
	EndGlobalSection
	GlobalSection(ExtensibilityGlobals) = postSolution
		SolutionGuid = {832D8F59-9927-4DC9-98A6-4CA426CEE543}
	EndGlobalSection
EndGlobal
